
Microsoft Visual Studio Solution File, Format Version 12.00
# Visual Studio Version 16
VisualStudioVersion = 16.0.31005.135
MinimumVisualStudioVersion = 10.0.40219.1
Project("{9A19103F-16F7-4668-BE54-9A1E7A4F7556}") = "Scraper.RabbitMq.Tests", "test\Scraper.RabbitMq.Tests\Scraper.RabbitMq.Tests.csproj", "{A1A2FB75-D4D3-4535-BEB6-6A31820EF9CC}"
EndProject
Project("{9A19103F-16F7-4668-BE54-9A1E7A4F7556}") = "Scraper.RabbitMq.Common", "src\Scraper.RabbitMq.Common\Scraper.RabbitMq.Common.csproj", "{D2A75540-77CE-48D7-B000-9D19C5522EAF}"
EndProject
Project("{9A19103F-16F7-4668-BE54-9A1E7A4F7556}") = "Scraper.RabbitMq.Client", "src\Scraper.RabbitMq.Client\Scraper.RabbitMq.Client.csproj", "{46309890-73F0-4C11-A6D4-433D631D0C0A}"
EndProject
Project("{E53339B2-1760-4266-BCC7-CA923CBCF16C}") = "docker-compose", "docker-compose.dcproj", "{6E5E9508-7753-4F8C-A79F-FE464BAAA745}"
EndProject
Project("{FAE04EC0-301F-11D3-BF4B-00C04F79EFBC}") = "LogParser", "tools\LogParser\LogParser.csproj", "{422E6775-D086-482E-A4D2-6BAE948DDE37}"
EndProject
Project("{FAE04EC0-301F-11D3-BF4B-00C04F79EFBC}") = "Scraper.RabbitMq.Client.Sample", "test\Scraper.RabbitMq.Client.Sample\Scraper.RabbitMq.Client.Sample.csproj", "{1016CE02-3BBB-4C2C-8EA2-AC4F43CDD753}"
EndProject
Project("{FAE04EC0-301F-11D3-BF4B-00C04F79EFBC}") = "Scraper.RabbitMq", "src\Scraper.RabbitMq\Scraper.RabbitMq.csproj", "{3BEA01A9-8CC3-44B5-9D63-FE544F2DFDED}"
EndProject
Project("{2150E333-8FDC-42A3-9474-1A3956D46DE8}") = "Tests", "Tests", "{C491BCBA-20A3-44C4-97D2-F32B71A4FFAD}"
EndProject
Project("{2150E333-8FDC-42A3-9474-1A3956D46DE8}") = "Tools", "Tools", "{C9F0BA78-195B-4AB9-8FEB-F54C9AA8629D}"
EndProject
Global
	GlobalSection(SolutionConfigurationPlatforms) = preSolution
		Debug|Any CPU = Debug|Any CPU
		Release|Any CPU = Release|Any CPU
	EndGlobalSection
	GlobalSection(ProjectConfigurationPlatforms) = postSolution
		{A1A2FB75-D4D3-4535-BEB6-6A31820EF9CC}.Debug|Any CPU.ActiveCfg = Debug|Any CPU
		{A1A2FB75-D4D3-4535-BEB6-6A31820EF9CC}.Debug|Any CPU.Build.0 = Debug|Any CPU
		{A1A2FB75-D4D3-4535-BEB6-6A31820EF9CC}.Release|Any CPU.ActiveCfg = Release|Any CPU
		{A1A2FB75-D4D3-4535-BEB6-6A31820EF9CC}.Release|Any CPU.Build.0 = Release|Any CPU
		{D2A75540-77CE-48D7-B000-9D19C5522EAF}.Debug|Any CPU.ActiveCfg = Debug|Any CPU
		{D2A75540-77CE-48D7-B000-9D19C5522EAF}.Debug|Any CPU.Build.0 = Debug|Any CPU
		{D2A75540-77CE-48D7-B000-9D19C5522EAF}.Release|Any CPU.ActiveCfg = Release|Any CPU
		{D2A75540-77CE-48D7-B000-9D19C5522EAF}.Release|Any CPU.Build.0 = Release|Any CPU
		{46309890-73F0-4C11-A6D4-433D631D0C0A}.Debug|Any CPU.ActiveCfg = Debug|Any CPU
		{46309890-73F0-4C11-A6D4-433D631D0C0A}.Debug|Any CPU.Build.0 = Debug|Any CPU
		{46309890-73F0-4C11-A6D4-433D631D0C0A}.Release|Any CPU.ActiveCfg = Release|Any CPU
		{46309890-73F0-4C11-A6D4-433D631D0C0A}.Release|Any CPU.Build.0 = Release|Any CPU
		{6E5E9508-7753-4F8C-A79F-FE464BAAA745}.Debug|Any CPU.ActiveCfg = Debug|Any CPU
		{6E5E9508-7753-4F8C-A79F-FE464BAAA745}.Debug|Any CPU.Build.0 = Debug|Any CPU
		{6E5E9508-7753-4F8C-A79F-FE464BAAA745}.Release|Any CPU.ActiveCfg = Release|Any CPU
		{6E5E9508-7753-4F8C-A79F-FE464BAAA745}.Release|Any CPU.Build.0 = Release|Any CPU
		{422E6775-D086-482E-A4D2-6BAE948DDE37}.Debug|Any CPU.ActiveCfg = Debug|Any CPU
		{422E6775-D086-482E-A4D2-6BAE948DDE37}.Debug|Any CPU.Build.0 = Debug|Any CPU
		{422E6775-D086-482E-A4D2-6BAE948DDE37}.Release|Any CPU.ActiveCfg = Release|Any CPU
		{422E6775-D086-482E-A4D2-6BAE948DDE37}.Release|Any CPU.Build.0 = Release|Any CPU
		{1016CE02-3BBB-4C2C-8EA2-AC4F43CDD753}.Debug|Any CPU.ActiveCfg = Debug|Any CPU
		{1016CE02-3BBB-4C2C-8EA2-AC4F43CDD753}.Debug|Any CPU.Build.0 = Debug|Any CPU
		{1016CE02-3BBB-4C2C-8EA2-AC4F43CDD753}.Release|Any CPU.ActiveCfg = Release|Any CPU
		{1016CE02-3BBB-4C2C-8EA2-AC4F43CDD753}.Release|Any CPU.Build.0 = Release|Any CPU
		{3BEA01A9-8CC3-44B5-9D63-FE544F2DFDED}.Debug|Any CPU.ActiveCfg = Debug|Any CPU
		{3BEA01A9-8CC3-44B5-9D63-FE544F2DFDED}.Debug|Any CPU.Build.0 = Debug|Any CPU
		{3BEA01A9-8CC3-44B5-9D63-FE544F2DFDED}.Release|Any CPU.ActiveCfg = Release|Any CPU
		{3BEA01A9-8CC3-44B5-9D63-FE544F2DFDED}.Release|Any CPU.Build.0 = Release|Any CPU
	EndGlobalSection
	GlobalSection(SolutionProperties) = preSolution
		HideSolutionNode = FALSE
	EndGlobalSection
	GlobalSection(ExtensibilityGlobals) = postSolution
		SolutionGuid = {2111D477-24C9-4A20-BAAC-7B15B4D5A4E0}
	EndGlobalSection
	GlobalSection(NestedProjects) = preSolution
		{1016CE02-3BBB-4C2C-8EA2-AC4F43CDD753} = {C491BCBA-20A3-44C4-97D2-F32B71A4FFAD}
		{A1A2FB75-D4D3-4535-BEB6-6A31820EF9CC} = {C491BCBA-20A3-44C4-97D2-F32B71A4FFAD}
		{422E6775-D086-482E-A4D2-6BAE948DDE37} = {C9F0BA78-195B-4AB9-8FEB-F54C9AA8629D}
	EndGlobalSection
EndGlobal
